
Microsoft Visual Studio Solution File, Format Version 12.00
# Visual Studio Version 16
VisualStudioVersion = 16.0.33328.57
MinimumVisualStudioVersion = 10.0.40219.1
Project("{FAE04EC0-301F-11D3-BF4B-00C04F79EFBC}") = "WpfAppCalculatorLab20", "WpfAppCalculatorLab20.csproj", "{5C5C1187-35FE-48BC-93B7-4FAF298BD5C1}"
EndProject
Global
	GlobalSection(SolutionConfigurationPlatforms) = preSolution
		Debug|Any CPU = Debug|Any CPU
		Release|Any CPU = Release|Any CPU
	EndGlobalSection
	GlobalSection(ProjectConfigurationPlatforms) = postSolution
		{5C5C1187-35FE-48BC-93B7-4FAF298BD5C1}.Debug|Any CPU.ActiveCfg = Debug|Any CPU
		{5C5C1187-35FE-48BC-93B7-4FAF298BD5C1}.Debug|Any CPU.Build.0 = Debug|Any CPU
		{5C5C1187-35FE-48BC-93B7-4FAF298BD5C1}.Release|Any CPU.ActiveCfg = Release|Any CPU
		{5C5C1187-35FE-48BC-93B7-4FAF298BD5C1}.Release|Any CPU.Build.0 = Release|Any CPU
	EndGlobalSection
	GlobalSection(SolutionProperties) = preSolution
		HideSolutionNode = FALSE
	EndGlobalSection
	GlobalSection(ExtensibilityGlobals) = postSolution
		SolutionGuid = {837182B5-2414-4AD0-9836-0BE7A8A5B16F}
	EndGlobalSection
EndGlobal
